
Microsoft Visual Studio Solution File, Format Version 12.00
Project("{FAE04EC0-301F-11D3-BF4B-00C04F79EFBC}") = "innBot", "innBot\innBot.csproj", "{8654F31A-536E-4EA0-B482-3D205DB82BF3}"
EndProject
Global
	GlobalSection(SolutionConfigurationPlatforms) = preSolution
		Debug|Any CPU = Debug|Any CPU
		Release|Any CPU = Release|Any CPU
	EndGlobalSection
	GlobalSection(ProjectConfigurationPlatforms) = postSolution
		{8654F31A-536E-4EA0-B482-3D205DB82BF3}.Debug|Any CPU.ActiveCfg = Debug|Any CPU
		{8654F31A-536E-4EA0-B482-3D205DB82BF3}.Debug|Any CPU.Build.0 = Debug|Any CPU
		{8654F31A-536E-4EA0-B482-3D205DB82BF3}.Release|Any CPU.ActiveCfg = Release|Any CPU
		{8654F31A-536E-4EA0-B482-3D205DB82BF3}.Release|Any CPU.Build.0 = Release|Any CPU
	EndGlobalSection
EndGlobal
